
Microsoft Visual Studio Solution File, Format Version 12.00
# Visual Studio 14
VisualStudioVersion = 14.0.24720.0
MinimumVisualStudioVersion = 10.0.40219.1
Project("{FAE04EC0-301F-11D3-BF4B-00C04F79EFBC}") = "test6.Droid", "test6\test6.Droid\test6.Droid.csproj", "{C17159B3-316C-4288-B5DD-186CDCF32FD9}"
EndProject
Project("{FAE04EC0-301F-11D3-BF4B-00C04F79EFBC}") = "test6.iOS", "test6\test6.iOS\test6.iOS.csproj", "{36EAEEE1-4117-45FB-B1B5-416BEBFDC5B4}"
EndProject
Project("{FAE04EC0-301F-11D3-BF4B-00C04F79EFBC}") = "test6", "test6\test6\test6.csproj", "{03AD6B5A-59AC-48FB-A860-444F6E403892}"
EndProject
Global
	GlobalSection(SolutionConfigurationPlatforms) = preSolution
		Ad-Hoc|Any CPU = Ad-Hoc|Any CPU
		Ad-Hoc|iPhone = Ad-Hoc|iPhone
		Ad-Hoc|iPhoneSimulator = Ad-Hoc|iPhoneSimulator
		AppStore|Any CPU = AppStore|Any CPU
		AppStore|iPhone = AppStore|iPhone
		AppStore|iPhoneSimulator = AppStore|iPhoneSimulator
		Debug|Any CPU = Debug|Any CPU
		Debug|iPhone = Debug|iPhone
		Debug|iPhoneSimulator = Debug|iPhoneSimulator
		Release|Any CPU = Release|Any CPU
		Release|iPhone = Release|iPhone
		Release|iPhoneSimulator = Release|iPhoneSimulator
	EndGlobalSection
	GlobalSection(ProjectConfigurationPlatforms) = postSolution
		{C17159B3-316C-4288-B5DD-186CDCF32FD9}.Ad-Hoc|Any CPU.ActiveCfg = Release|Any CPU
		{C17159B3-316C-4288-B5DD-186CDCF32FD9}.Ad-Hoc|Any CPU.Build.0 = Release|Any CPU
		{C17159B3-316C-4288-B5DD-186CDCF32FD9}.Ad-Hoc|Any CPU.Deploy.0 = Release|Any CPU
		{C17159B3-316C-4288-B5DD-186CDCF32FD9}.Ad-Hoc|iPhone.ActiveCfg = Release|Any CPU
		{C17159B3-316C-4288-B5DD-186CDCF32FD9}.Ad-Hoc|iPhone.Build.0 = Release|Any CPU
		{C17159B3-316C-4288-B5DD-186CDCF32FD9}.Ad-Hoc|iPhone.Deploy.0 = Release|Any CPU
		{C17159B3-316C-4288-B5DD-186CDCF32FD9}.Ad-Hoc|iPhoneSimulator.ActiveCfg = Release|Any CPU
		{C17159B3-316C-4288-B5DD-186CDCF32FD9}.Ad-Hoc|iPhoneSimulator.Build.0 = Release|Any CPU
		{C17159B3-316C-4288-B5DD-186CDCF32FD9}.Ad-Hoc|iPhoneSimulator.Deploy.0 = Release|Any CPU
		{C17159B3-316C-4288-B5DD-186CDCF32FD9}.AppStore|Any CPU.ActiveCfg = Release|Any CPU
		{C17159B3-316C-4288-B5DD-186CDCF32FD9}.AppStore|Any CPU.Build.0 = Release|Any CPU
		{C17159B3-316C-4288-B5DD-186CDCF32FD9}.AppStore|Any CPU.Deploy.0 = Release|Any CPU
		{C17159B3-316C-4288-B5DD-186CDCF32FD9}.AppStore|iPhone.ActiveCfg = Release|Any CPU
		{C17159B3-316C-4288-B5DD-186CDCF32FD9}.AppStore|iPhone.Build.0 = Release|Any CPU
		{C17159B3-316C-4288-B5DD-186CDCF32FD9}.AppStore|iPhone.Deploy.0 = Release|Any CPU
		{C17159B3-316C-4288-B5DD-186CDCF32FD9}.AppStore|iPhoneSimulator.ActiveCfg = Release|Any CPU
		{C17159B3-316C-4288-B5DD-186CDCF32FD9}.AppStore|iPhoneSimulator.Build.0 = Release|Any CPU
		{C17159B3-316C-4288-B5DD-186CDCF32FD9}.AppStore|iPhoneSimulator.Deploy.0 = Release|Any CPU
		{C17159B3-316C-4288-B5DD-186CDCF32FD9}.Debug|Any CPU.ActiveCfg = Debug|Any CPU
		{C17159B3-316C-4288-B5DD-186CDCF32FD9}.Debug|Any CPU.Build.0 = Debug|Any CPU
		{C17159B3-316C-4288-B5DD-186CDCF32FD9}.Debug|Any CPU.Deploy.0 = Debug|Any CPU
		{C17159B3-316C-4288-B5DD-186CDCF32FD9}.Debug|iPhone.ActiveCfg = Debug|Any CPU
		{C17159B3-316C-4288-B5DD-186CDCF32FD9}.Debug|iPhone.Build.0 = Debug|Any CPU
		{C17159B3-316C-4288-B5DD-186CDCF32FD9}.Debug|iPhone.Deploy.0 = Debug|Any CPU
		{C17159B3-316C-4288-B5DD-186CDCF32FD9}.Debug|iPhoneSimulator.ActiveCfg = Debug|Any CPU
		{C17159B3-316C-4288-B5DD-186CDCF32FD9}.Debug|iPhoneSimulator.Build.0 = Debug|Any CPU
		{C17159B3-316C-4288-B5DD-186CDCF32FD9}.Debug|iPhoneSimulator.Deploy.0 = Debug|Any CPU
		{C17159B3-316C-4288-B5DD-186CDCF32FD9}.Release|Any CPU.ActiveCfg = Release|Any CPU
		{C17159B3-316C-4288-B5DD-186CDCF32FD9}.Release|Any CPU.Build.0 = Release|Any CPU
		{C17159B3-316C-4288-B5DD-186CDCF32FD9}.Release|Any CPU.Deploy.0 = Release|Any CPU
		{C17159B3-316C-4288-B5DD-186CDCF32FD9}.Release|iPhone.ActiveCfg = Release|Any CPU
		{C17159B3-316C-4288-B5DD-186CDCF32FD9}.Release|iPhone.Build.0 = Release|Any CPU
		{C17159B3-316C-4288-B5DD-186CDCF32FD9}.Release|iPhone.Deploy.0 = Release|Any CPU
		{C17159B3-316C-4288-B5DD-186CDCF32FD9}.Release|iPhoneSimulator.ActiveCfg = Release|Any CPU
		{C17159B3-316C-4288-B5DD-186CDCF32FD9}.Release|iPhoneSimulator.Build.0 = Release|Any CPU
		{C17159B3-316C-4288-B5DD-186CDCF32FD9}.Release|iPhoneSimulator.Deploy.0 = Release|Any CPU
		{36EAEEE1-4117-45FB-B1B5-416BEBFDC5B4}.Ad-Hoc|Any CPU.ActiveCfg = Ad-Hoc|iPhone
		{36EAEEE1-4117-45FB-B1B5-416BEBFDC5B4}.Ad-Hoc|iPhone.ActiveCfg = Ad-Hoc|iPhone
		{36EAEEE1-4117-45FB-B1B5-416BEBFDC5B4}.Ad-Hoc|iPhone.Build.0 = Ad-Hoc|iPhone
		{36EAEEE1-4117-45FB-B1B5-416BEBFDC5B4}.Ad-Hoc|iPhoneSimulator.ActiveCfg = Ad-Hoc|iPhoneSimulator
		{36EAEEE1-4117-45FB-B1B5-416BEBFDC5B4}.Ad-Hoc|iPhoneSimulator.Build.0 = Ad-Hoc|iPhoneSimulator
		{36EAEEE1-4117-45FB-B1B5-416BEBFDC5B4}.AppStore|Any CPU.ActiveCfg = AppStore|iPhone
		{36EAEEE1-4117-45FB-B1B5-416BEBFDC5B4}.AppStore|iPhone.ActiveCfg = AppStore|iPhone
		{36EAEEE1-4117-45FB-B1B5-416BEBFDC5B4}.AppStore|iPhone.Build.0 = AppStore|iPhone
		{36EAEEE1-4117-45FB-B1B5-416BEBFDC5B4}.AppStore|iPhoneSimulator.ActiveCfg = AppStore|iPhoneSimulator
		{36EAEEE1-4117-45FB-B1B5-416BEBFDC5B4}.AppStore|iPhoneSimulator.Build.0 = AppStore|iPhoneSimulator
		{36EAEEE1-4117-45FB-B1B5-416BEBFDC5B4}.Debug|Any CPU.ActiveCfg = Debug|iPhone
		{36EAEEE1-4117-45FB-B1B5-416BEBFDC5B4}.Debug|iPhone.ActiveCfg = Debug|iPhone
		{36EAEEE1-4117-45FB-B1B5-416BEBFDC5B4}.Debug|iPhone.Build.0 = Debug|iPhone
		{36EAEEE1-4117-45FB-B1B5-416BEBFDC5B4}.Debug|iPhoneSimulator.ActiveCfg = Debug|iPhoneSimulator
		{36EAEEE1-4117-45FB-B1B5-416BEBFDC5B4}.Debug|iPhoneSimulator.Build.0 = Debug|iPhoneSimulator
		{36EAEEE1-4117-45FB-B1B5-416BEBFDC5B4}.Release|Any CPU.ActiveCfg = Release|iPhone
		{36EAEEE1-4117-45FB-B1B5-416BEBFDC5B4}.Release|iPhone.ActiveCfg = Release|iPhone
		{36EAEEE1-4117-45FB-B1B5-416BEBFDC5B4}.Release|iPhone.Build.0 = Release|iPhone
		{36EAEEE1-4117-45FB-B1B5-416BEBFDC5B4}.Release|iPhoneSimulator.ActiveCfg = Release|iPhoneSimulator
		{36EAEEE1-4117-45FB-B1B5-416BEBFDC5B4}.Release|iPhoneSimulator.Build.0 = Release|iPhoneSimulator
		{03AD6B5A-59AC-48FB-A860-444F6E403892}.Ad-Hoc|Any CPU.ActiveCfg = Release|Any CPU
		{03AD6B5A-59AC-48FB-A860-444F6E403892}.Ad-Hoc|Any CPU.Build.0 = Release|Any CPU
		{03AD6B5A-59AC-48FB-A860-444F6E403892}.Ad-Hoc|iPhone.ActiveCfg = Release|Any CPU
		{03AD6B5A-59AC-48FB-A860-444F6E403892}.Ad-Hoc|iPhone.Build.0 = Release|Any CPU
		{03AD6B5A-59AC-48FB-A860-444F6E403892}.Ad-Hoc|iPhoneSimulator.ActiveCfg = Release|Any CPU
		{03AD6B5A-59AC-48FB-A860-444F6E403892}.Ad-Hoc|iPhoneSimulator.Build.0 = Release|Any CPU
		{03AD6B5A-59AC-48FB-A860-444F6E403892}.AppStore|Any CPU.ActiveCfg = Release|Any CPU
		{03AD6B5A-59AC-48FB-A860-444F6E403892}.AppStore|Any CPU.Build.0 = Release|Any CPU
		{03AD6B5A-59AC-48FB-A860-444F6E403892}.AppStore|iPhone.ActiveCfg = Release|Any CPU
		{03AD6B5A-59AC-48FB-A860-444F6E403892}.AppStore|iPhone.Build.0 = Release|Any CPU
		{03AD6B5A-59AC-48FB-A860-444F6E403892}.AppStore|iPhoneSimulator.ActiveCfg = Release|Any CPU
		{03AD6B5A-59AC-48FB-A860-444F6E403892}.AppStore|iPhoneSimulator.Build.0 = Release|Any CPU
		{03AD6B5A-59AC-48FB-A860-444F6E403892}.Debug|Any CPU.ActiveCfg = Debug|Any CPU
		{03AD6B5A-59AC-48FB-A860-444F6E403892}.Debug|Any CPU.Build.0 = Debug|Any CPU
		{03AD6B5A-59AC-48FB-A860-444F6E403892}.Debug|iPhone.ActiveCfg = Debug|Any CPU
		{03AD6B5A-59AC-48FB-A860-444F6E403892}.Debug|iPhone.Build.0 = Debug|Any CPU
		{03AD6B5A-59AC-48FB-A860-444F6E403892}.Debug|iPhoneSimulator.ActiveCfg = Debug|Any CPU
		{03AD6B5A-59AC-48FB-A860-444F6E403892}.Debug|iPhoneSimulator.Build.0 = Debug|Any CPU
		{03AD6B5A-59AC-48FB-A860-444F6E403892}.Release|Any CPU.ActiveCfg = Release|Any CPU
		{03AD6B5A-59AC-48FB-A860-444F6E403892}.Release|Any CPU.Build.0 = Release|Any CPU
		{03AD6B5A-59AC-48FB-A860-444F6E403892}.Release|iPhone.ActiveCfg = Release|Any CPU
		{03AD6B5A-59AC-48FB-A860-444F6E403892}.Release|iPhone.Build.0 = Release|Any CPU
		{03AD6B5A-59AC-48FB-A860-444F6E403892}.Release|iPhoneSimulator.ActiveCfg = Release|Any CPU
		{03AD6B5A-59AC-48FB-A860-444F6E403892}.Release|iPhoneSimulator.Build.0 = Release|Any CPU
	EndGlobalSection
	GlobalSection(SolutionProperties) = preSolution
		HideSolutionNode = FALSE
	EndGlobalSection
EndGlobal
